
Microsoft Visual Studio Solution File, Format Version 12.00
# Visual Studio Version 17
VisualStudioVersion = 17.0.31903.59
MinimumVisualStudioVersion = 10.0.40219.1
Project("{FAE04EC0-301F-11D3-BF4B-00C04F79EFBC}") = "EMPLOYER", "EMPLOYER.csproj", "{2A5E372C-8A9A-439A-AF56-60405C279B21}"
EndProject
Global
	GlobalSection(SolutionConfigurationPlatforms) = preSolution
		Debug|Any CPU = Debug|Any CPU
		Release|Any CPU = Release|Any CPU
	EndGlobalSection
	GlobalSection(ProjectConfigurationPlatforms) = postSolution
		{2A5E372C-8A9A-439A-AF56-60405C279B21}.Debug|Any CPU.ActiveCfg = Debug|Any CPU
		{2A5E372C-8A9A-439A-AF56-60405C279B21}.Debug|Any CPU.Build.0 = Debug|Any CPU
		{2A5E372C-8A9A-439A-AF56-60405C279B21}.Release|Any CPU.ActiveCfg = Release|Any CPU
		{2A5E372C-8A9A-439A-AF56-60405C279B21}.Release|Any CPU.Build.0 = Release|Any CPU
	EndGlobalSection
	GlobalSection(SolutionProperties) = preSolution
		HideSolutionNode = FALSE
	EndGlobalSection
	GlobalSection(ExtensibilityGlobals) = postSolution
		SolutionGuid = {27EC9807-C546-45E6-B824-E550EBB09F10}
	EndGlobalSection
EndGlobal
